// !$*UTF8*$!
{
	archiveVersion = 1;
	classes = {
	};
	objectVersion = 55;
	objects = {

/* Begin PBXBuildFile section */
		C61EF2BC289E5D1B0039FFC3 /* CoinRowView.swift in Sources */ = {isa = PBXBuildFile; fileRef = C61EF2BB289E5D1B0039FFC3 /* CoinRowView.swift */; };
		C61EF2BE289E5F740039FFC3 /* PreviewProvider.swift in Sources */ = {isa = PBXBuildFile; fileRef = C61EF2BD289E5F740039FFC3 /* PreviewProvider.swift */; };
		C61EF2C0289E6E400039FFC3 /* Double.swift in Sources */ = {isa = PBXBuildFile; fileRef = C61EF2BF289E6E400039FFC3 /* Double.swift */; };
		C61EF2C2289EA0120039FFC3 /* HomeViewModel.swift in Sources */ = {isa = PBXBuildFile; fileRef = C61EF2C1289EA0120039FFC3 /* HomeViewModel.swift */; };
		C61EF2C5289EADD10039FFC3 /* CoinDataService.swift in Sources */ = {isa = PBXBuildFile; fileRef = C61EF2C4289EADD10039FFC3 /* CoinDataService.swift */; };
		C66869F8289570F500277F97 /* Assets.xcassets in Resources */ = {isa = PBXBuildFile; fileRef = C66869F7289570F500277F97 /* Assets.xcassets */; };
		C66869FE2895724700277F97 /* HomeView.swift in Sources */ = {isa = PBXBuildFile; fileRef = C66869FD2895724700277F97 /* HomeView.swift */; };
		C6686A02289574A500277F97 /* CircleButtonView.swift in Sources */ = {isa = PBXBuildFile; fileRef = C6686A01289574A500277F97 /* CircleButtonView.swift */; };
		C6686A0428957AA400277F97 /* CircleButtonAnimationView.swift in Sources */ = {isa = PBXBuildFile; fileRef = C6686A0328957AA400277F97 /* CircleButtonAnimationView.swift */; };
		C67418D628BB968900C6CC23 /* CoinImageView.swift in Sources */ = {isa = PBXBuildFile; fileRef = C67418D528BB968900C6CC23 /* CoinImageView.swift */; };
		C67418D828BB987F00C6CC23 /* CoinImageViewModel.swift in Sources */ = {isa = PBXBuildFile; fileRef = C67418D728BB987F00C6CC23 /* CoinImageViewModel.swift */; };
		C67418DA28BB98D300C6CC23 /* CoinImageService.swift in Sources */ = {isa = PBXBuildFile; fileRef = C67418D928BB98D300C6CC23 /* CoinImageService.swift */; };
		C67A794328BCA5FA00697CC0 /* LocalFileManager.swift in Sources */ = {isa = PBXBuildFile; fileRef = C67A794228BCA5FA00697CC0 /* LocalFileManager.swift */; };
		C67A794528BCCC8700697CC0 /* SearchBarView.swift in Sources */ = {isa = PBXBuildFile; fileRef = C67A794428BCCC8700697CC0 /* SearchBarView.swift */; };
		C67A794728BCDC8A00697CC0 /* UIApplication.swift in Sources */ = {isa = PBXBuildFile; fileRef = C67A794628BCDC8A00697CC0 /* UIApplication.swift */; };
		C68F9EE028EEDDCA006153C6 /* SettingsView.swift in Sources */ = {isa = PBXBuildFile; fileRef = C68F9EDF28EEDDCA006153C6 /* SettingsView.swift */; };
		C68F9EE428F02B24006153C6 /* Launch Screen.storyboard in Resources */ = {isa = PBXBuildFile; fileRef = C68F9EE328F02B24006153C6 /* Launch Screen.storyboard */; };
		C68F9EE628F02B88006153C6 /* LaunchView.swift in Sources */ = {isa = PBXBuildFile; fileRef = C68F9EE528F02B88006153C6 /* LaunchView.swift */; };
		C690AAB828C9CB79000F3EF3 /* PortfolioView.swift in Sources */ = {isa = PBXBuildFile; fileRef = C690AAB728C9CB79000F3EF3 /* PortfolioView.swift */; };
		C69CA6CA289443C40036F67E /* SwiftUiCryptoApp.swift in Sources */ = {isa = PBXBuildFile; fileRef = C69CA6C9289443C40036F67E /* SwiftUiCryptoApp.swift */; };
		C69CA6CC289443C40036F67E /* ContentView.swift in Sources */ = {isa = PBXBuildFile; fileRef = C69CA6CB289443C40036F67E /* ContentView.swift */; };
		C69CA6DC289446850036F67E /* Color.swift in Sources */ = {isa = PBXBuildFile; fileRef = C69CA6DB289446850036F67E /* Color.swift */; };
		C69DE97E28BB6AB900A22EC1 /* NetworkingManager.swift in Sources */ = {isa = PBXBuildFile; fileRef = C69DE97D28BB6AB900A22EC1 /* NetworkingManager.swift */; };
		C6A94B4528CB276900B38F37 /* XMarkButton.swift in Sources */ = {isa = PBXBuildFile; fileRef = C6A94B4428CB276900B38F37 /* XMarkButton.swift */; };
		C6A94B4728CB2FAC00B38F37 /* CoinLogoView.swift in Sources */ = {isa = PBXBuildFile; fileRef = C6A94B4628CB2FAC00B38F37 /* CoinLogoView.swift */; };
		C6C9FFAD2897FCEC00F41F6B /* CoinModel.swift in Sources */ = {isa = PBXBuildFile; fileRef = C6C9FFAC2897FCEC00F41F6B /* CoinModel.swift */; };
		C6CC054628C87C3A00E2CA0B /* HomeStatsView.swift in Sources */ = {isa = PBXBuildFile; fileRef = C6CC054528C87C3A00E2CA0B /* HomeStatsView.swift */; };
		C6CC054828C8838700E2CA0B /* MarketDataModel.swift in Sources */ = {isa = PBXBuildFile; fileRef = C6CC054728C8838700E2CA0B /* MarketDataModel.swift */; };
		C6CC054A28C8C59B00E2CA0B /* MarketDataService.swift in Sources */ = {isa = PBXBuildFile; fileRef = C6CC054928C8C59B00E2CA0B /* MarketDataService.swift */; };
		C6E2CA0028D62B9B00BCFBED /* PortfolioDataService.swift in Sources */ = {isa = PBXBuildFile; fileRef = C6E2C9FF28D62B9B00BCFBED /* PortfolioDataService.swift */; };
		C6E2CA0528D63E2D00BCFBED /* PortfolioContainer.xcdatamodeld in Sources */ = {isa = PBXBuildFile; fileRef = C6E2CA0128D63D9900BCFBED /* PortfolioContainer.xcdatamodeld */; };
		C6E2CA0728D72BCB00BCFBED /* HapticManager.swift in Sources */ = {isa = PBXBuildFile; fileRef = C6E2CA0628D72BCB00BCFBED /* HapticManager.swift */; };
		C6E2CA0C28D73A6700BCFBED /* DetailView.swift in Sources */ = {isa = PBXBuildFile; fileRef = C6E2CA0B28D73A6700BCFBED /* DetailView.swift */; };
		C6E2CA0E28D73ABA00BCFBED /* DetailViewModel.swift in Sources */ = {isa = PBXBuildFile; fileRef = C6E2CA0D28D73ABA00BCFBED /* DetailViewModel.swift */; };
		C6E2CA1028D73B0900BCFBED /* CoinDetailDataService.swift in Sources */ = {isa = PBXBuildFile; fileRef = C6E2CA0F28D73B0900BCFBED /* CoinDetailDataService.swift */; };
		C6E2CA1228D73CD800BCFBED /* CoinDetailModel.swift in Sources */ = {isa = PBXBuildFile; fileRef = C6E2CA1128D73CD800BCFBED /* CoinDetailModel.swift */; };
		C6E2CA1428D740B400BCFBED /* String.swift in Sources */ = {isa = PBXBuildFile; fileRef = C6E2CA1328D740B400BCFBED /* String.swift */; };
		C6E2CA1628D7410500BCFBED /* ChartView.swift in Sources */ = {isa = PBXBuildFile; fileRef = C6E2CA1528D7410500BCFBED /* ChartView.swift */; };
		C6E2CA1828D7416F00BCFBED /* Date.swift in Sources */ = {isa = PBXBuildFile; fileRef = C6E2CA1728D7416F00BCFBED /* Date.swift */; };
		C6F1473B28C873BB002F262A /* StatisticModel.swift in Sources */ = {isa = PBXBuildFile; fileRef = C6F1473A28C873BB002F262A /* StatisticModel.swift */; };
		C6F1473D28C873D4002F262A /* StatisticView.swift in Sources */ = {isa = PBXBuildFile; fileRef = C6F1473C28C873D4002F262A /* StatisticView.swift */; };
/* End PBXBuildFile section */

/* Begin PBXFileReference section */
		C61EF2BB289E5D1B0039FFC3 /* CoinRowView.swift */ = {isa = PBXFileReference; lastKnownFileType = sourcecode.swift; path = CoinRowView.swift; sourceTree = "<group>"; };
		C61EF2BD289E5F740039FFC3 /* PreviewProvider.swift */ = {isa = PBXFileReference; lastKnownFileType = sourcecode.swift; path = PreviewProvider.swift; sourceTree = "<group>"; };
		C61EF2BF289E6E400039FFC3 /* Double.swift */ = {isa = PBXFileReference; lastKnownFileType = sourcecode.swift; path = Double.swift; sourceTree = "<group>"; };
		C61EF2C1289EA0120039FFC3 /* HomeViewModel.swift */ = {isa = PBXFileReference; lastKnownFileType = sourcecode.swift; path = HomeViewModel.swift; sourceTree = "<group>"; };
		C61EF2C4289EADD10039FFC3 /* CoinDataService.swift */ = {isa = PBXFileReference; lastKnownFileType = sourcecode.swift; path = CoinDataService.swift; sourceTree = "<group>"; };
		C66869F7289570F500277F97 /* Assets.xcassets */ = {isa = PBXFileReference; lastKnownFileType = folder.assetcatalog; path = Assets.xcassets; sourceTree = SOURCE_ROOT; };
		C66869FD2895724700277F97 /* HomeView.swift */ = {isa = PBXFileReference; lastKnownFileType = sourcecode.swift; path = HomeView.swift; sourceTree = "<group>"; };
		C6686A01289574A500277F97 /* CircleButtonView.swift */ = {isa = PBXFileReference; lastKnownFileType = sourcecode.swift; path = CircleButtonView.swift; sourceTree = "<group>"; };
		C6686A0328957AA400277F97 /* CircleButtonAnimationView.swift */ = {isa = PBXFileReference; lastKnownFileType = sourcecode.swift; path = CircleButtonAnimationView.swift; sourceTree = "<group>"; };
		C67418D528BB968900C6CC23 /* CoinImageView.swift */ = {isa = PBXFileReference; lastKnownFileType = sourcecode.swift; path = CoinImageView.swift; sourceTree = "<group>"; };
		C67418D728BB987F00C6CC23 /* CoinImageViewModel.swift */ = {isa = PBXFileReference; lastKnownFileType = sourcecode.swift; path = CoinImageViewModel.swift; sourceTree = "<group>"; };
		C67418D928BB98D300C6CC23 /* CoinImageService.swift */ = {isa = PBXFileReference; lastKnownFileType = sourcecode.swift; path = CoinImageService.swift; sourceTree = "<group>"; };
		C67A794228BCA5FA00697CC0 /* LocalFileManager.swift */ = {isa = PBXFileReference; lastKnownFileType = sourcecode.swift; path = LocalFileManager.swift; sourceTree = "<group>"; };
		C67A794428BCCC8700697CC0 /* SearchBarView.swift */ = {isa = PBXFileReference; lastKnownFileType = sourcecode.swift; path = SearchBarView.swift; sourceTree = "<group>"; };
		C67A794628BCDC8A00697CC0 /* UIApplication.swift */ = {isa = PBXFileReference; lastKnownFileType = sourcecode.swift; path = UIApplication.swift; sourceTree = "<group>"; };
		C68F9EDF28EEDDCA006153C6 /* SettingsView.swift */ = {isa = PBXFileReference; lastKnownFileType = sourcecode.swift; path = SettingsView.swift; sourceTree = "<group>"; };
		C68F9EE328F02B24006153C6 /* Launch Screen.storyboard */ = {isa = PBXFileReference; lastKnownFileType = file.storyboard; path = "Launch Screen.storyboard"; sourceTree = "<group>"; };
		C68F9EE528F02B88006153C6 /* LaunchView.swift */ = {isa = PBXFileReference; lastKnownFileType = sourcecode.swift; path = LaunchView.swift; sourceTree = "<group>"; };
		C690AAB728C9CB79000F3EF3 /* PortfolioView.swift */ = {isa = PBXFileReference; lastKnownFileType = sourcecode.swift; path = PortfolioView.swift; sourceTree = "<group>"; };
		C69CA6C6289443C40036F67E /* Crypto Tracker.app */ = {isa = PBXFileReference; explicitFileType = wrapper.application; includeInIndex = 0; path = "Crypto Tracker.app"; sourceTree = BUILT_PRODUCTS_DIR; };
		C69CA6C9289443C40036F67E /* SwiftUiCryptoApp.swift */ = {isa = PBXFileReference; lastKnownFileType = sourcecode.swift; path = SwiftUiCryptoApp.swift; sourceTree = "<group>"; };
		C69CA6CB289443C40036F67E /* ContentView.swift */ = {isa = PBXFileReference; lastKnownFileType = sourcecode.swift; path = ContentView.swift; sourceTree = "<group>"; };
		C69CA6DB289446850036F67E /* Color.swift */ = {isa = PBXFileReference; lastKnownFileType = sourcecode.swift; path = Color.swift; sourceTree = "<group>"; };
		C69DE97D28BB6AB900A22EC1 /* NetworkingManager.swift */ = {isa = PBXFileReference; lastKnownFileType = sourcecode.swift; path = NetworkingManager.swift; sourceTree = "<group>"; };
		C6A94B4428CB276900B38F37 /* XMarkButton.swift */ = {isa = PBXFileReference; lastKnownFileType = sourcecode.swift; path = XMarkButton.swift; sourceTree = "<group>"; };
		C6A94B4628CB2FAC00B38F37 /* CoinLogoView.swift */ = {isa = PBXFileReference; lastKnownFileType = sourcecode.swift; path = CoinLogoView.swift; sourceTree = "<group>"; };
		C6C9FFAC2897FCEC00F41F6B /* CoinModel.swift */ = {isa = PBXFileReference; lastKnownFileType = sourcecode.swift; path = CoinModel.swift; sourceTree = "<group>"; };
		C6CC054528C87C3A00E2CA0B /* HomeStatsView.swift */ = {isa = PBXFileReference; lastKnownFileType = sourcecode.swift; path = HomeStatsView.swift; sourceTree = "<group>"; };
		C6CC054728C8838700E2CA0B /* MarketDataModel.swift */ = {isa = PBXFileReference; lastKnownFileType = sourcecode.swift; path = MarketDataModel.swift; sourceTree = "<group>"; };
		C6CC054928C8C59B00E2CA0B /* MarketDataService.swift */ = {isa = PBXFileReference; lastKnownFileType = sourcecode.swift; path = MarketDataService.swift; sourceTree = "<group>"; };
		C6E2C9FF28D62B9B00BCFBED /* PortfolioDataService.swift */ = {isa = PBXFileReference; lastKnownFileType = sourcecode.swift; path = PortfolioDataService.swift; sourceTree = "<group>"; };
		C6E2CA0228D63D9900BCFBED /* PortfolioContainer.xcdatamodel */ = {isa = PBXFileReference; lastKnownFileType = wrapper.xcdatamodel; path = PortfolioContainer.xcdatamodel; sourceTree = "<group>"; };
		C6E2CA0628D72BCB00BCFBED /* HapticManager.swift */ = {isa = PBXFileReference; lastKnownFileType = sourcecode.swift; path = HapticManager.swift; sourceTree = "<group>"; };
		C6E2CA0B28D73A6700BCFBED /* DetailView.swift */ = {isa = PBXFileReference; lastKnownFileType = sourcecode.swift; path = DetailView.swift; sourceTree = "<group>"; };
		C6E2CA0D28D73ABA00BCFBED /* DetailViewModel.swift */ = {isa = PBXFileReference; lastKnownFileType = sourcecode.swift; path = DetailViewModel.swift; sourceTree = "<group>"; };
		C6E2CA0F28D73B0900BCFBED /* CoinDetailDataService.swift */ = {isa = PBXFileReference; lastKnownFileType = sourcecode.swift; path = CoinDetailDataService.swift; sourceTree = "<group>"; };
		C6E2CA1128D73CD800BCFBED /* CoinDetailModel.swift */ = {isa = PBXFileReference; lastKnownFileType = sourcecode.swift; path = CoinDetailModel.swift; sourceTree = "<group>"; };
		C6E2CA1328D740B400BCFBED /* String.swift */ = {isa = PBXFileReference; lastKnownFileType = sourcecode.swift; path = String.swift; sourceTree = "<group>"; };
		C6E2CA1528D7410500BCFBED /* ChartView.swift */ = {isa = PBXFileReference; lastKnownFileType = sourcecode.swift; path = ChartView.swift; sourceTree = "<group>"; };
		C6E2CA1728D7416F00BCFBED /* Date.swift */ = {isa = PBXFileReference; lastKnownFileType = sourcecode.swift; path = Date.swift; sourceTree = "<group>"; };
		C6F1473A28C873BB002F262A /* StatisticModel.swift */ = {isa = PBXFileReference; lastKnownFileType = sourcecode.swift; path = StatisticModel.swift; sourceTree = "<group>"; };
		C6F1473C28C873D4002F262A /* StatisticView.swift */ = {isa = PBXFileReference; lastKnownFileType = sourcecode.swift; path = StatisticView.swift; sourceTree = "<group>"; };
/* End PBXFileReference section */

/* Begin PBXFrameworksBuildPhase section */
		C69CA6C3289443C40036F67E /* Frameworks */ = {
			isa = PBXFrameworksBuildPhase;
			buildActionMask = 2147483647;
			files = (
			);
			runOnlyForDeploymentPostprocessing = 0;
		};
/* End PBXFrameworksBuildPhase section */

/* Begin PBXGroup section */
		C61EF2C3289EAD5C0039FFC3 /* Services */ = {
			isa = PBXGroup;
			children = (
				C61EF2C4289EADD10039FFC3 /* CoinDataService.swift */,
				C67418D928BB98D300C6CC23 /* CoinImageService.swift */,
				C6CC054928C8C59B00E2CA0B /* MarketDataService.swift */,
				C6E2C9FF28D62B9B00BCFBED /* PortfolioDataService.swift */,
				C6E2CA0F28D73B0900BCFBED /* CoinDetailDataService.swift */,
			);
			path = Services;
			sourceTree = "<group>";
		};
		C66869F9289571E900277F97 /* Core */ = {
			isa = PBXGroup;
			children = (
				C68F9EE128F02AF1006153C6 /* Launch */,
				C68F9EDD28EEDD6F006153C6 /* Settings */,
				C66869FF2895746500277F97 /* Components */,
				C66869FA289571F300277F97 /* Home */,
			);
			path = Core;
			sourceTree = "<group>";
		};
		C66869FA289571F300277F97 /* Home */ = {
			isa = PBXGroup;
			children = (
				C66869FC2895721F00277F97 /* ViewModels */,
				C66869FB2895721800277F97 /* Views */,
			);
			path = Home;
			sourceTree = "<group>";
		};
		C66869FB2895721800277F97 /* Views */ = {
			isa = PBXGroup;
			children = (
				C66869FD2895724700277F97 /* HomeView.swift */,
				C61EF2BB289E5D1B0039FFC3 /* CoinRowView.swift */,
				C6CC054528C87C3A00E2CA0B /* HomeStatsView.swift */,
				C690AAB728C9CB79000F3EF3 /* PortfolioView.swift */,
				C6E2CA0828D739F000BCFBED /* Detail */,
			);
			path = Views;
			sourceTree = "<group>";
		};
		C66869FC2895721F00277F97 /* ViewModels */ = {
			isa = PBXGroup;
			children = (
				C61EF2C1289EA0120039FFC3 /* HomeViewModel.swift */,
			);
			path = ViewModels;
			sourceTree = "<group>";
		};
		C66869FF2895746500277F97 /* Components */ = {
			isa = PBXGroup;
			children = (
				C67418D428BB967100C6CC23 /* CoinImage */,
				C6686A002895748900277F97 /* CircleButton */,
				C67A794428BCCC8700697CC0 /* SearchBarView.swift */,
				C6F1473C28C873D4002F262A /* StatisticView.swift */,
				C6A94B4428CB276900B38F37 /* XMarkButton.swift */,
			);
			path = Components;
			sourceTree = "<group>";
		};
		C6686A002895748900277F97 /* CircleButton */ = {
			isa = PBXGroup;
			children = (
				C6686A01289574A500277F97 /* CircleButtonView.swift */,
				C6686A0328957AA400277F97 /* CircleButtonAnimationView.swift */,
			);
			path = CircleButton;
			sourceTree = "<group>";
		};
		C67418D428BB967100C6CC23 /* CoinImage */ = {
			isa = PBXGroup;
			children = (
				C67418D528BB968900C6CC23 /* CoinImageView.swift */,
				C67418D728BB987F00C6CC23 /* CoinImageViewModel.swift */,
				C6A94B4628CB2FAC00B38F37 /* CoinLogoView.swift */,
			);
			path = CoinImage;
			sourceTree = "<group>";
		};
		C68F9EDD28EEDD6F006153C6 /* Settings */ = {
			isa = PBXGroup;
			children = (
				C68F9EDE28EEDD7F006153C6 /* Views */,
			);
			path = Settings;
			sourceTree = "<group>";
		};
		C68F9EDE28EEDD7F006153C6 /* Views */ = {
			isa = PBXGroup;
			children = (
				C68F9EDF28EEDDCA006153C6 /* SettingsView.swift */,
			);
			path = Views;
			sourceTree = "<group>";
		};
		C68F9EE128F02AF1006153C6 /* Launch */ = {
			isa = PBXGroup;
			children = (
				C68F9EE228F02AF9006153C6 /* Views */,
			);
			path = Launch;
			sourceTree = "<group>";
		};
		C68F9EE228F02AF9006153C6 /* Views */ = {
			isa = PBXGroup;
			children = (
				C68F9EE328F02B24006153C6 /* Launch Screen.storyboard */,
				C68F9EE528F02B88006153C6 /* LaunchView.swift */,
			);
			path = Views;
			sourceTree = "<group>";
		};
		C69CA6BD289443C40036F67E = {
			isa = PBXGroup;
			children = (
				C69CA6C8289443C40036F67E /* SwiftUiCrypto */,
				C61EF2C3289EAD5C0039FFC3 /* Services */,
				C66869F9289571E900277F97 /* Core */,
				C6C9FFAB2897FCDA00F41F6B /* Models */,
				C69CA6CB289443C40036F67E /* ContentView.swift */,
				C66869F7289570F500277F97 /* Assets.xcassets */,
				C69CA6C7289443C40036F67E /* Products */,
			);
			sourceTree = "<group>";
		};
		C69CA6C7289443C40036F67E /* Products */ = {
			isa = PBXGroup;
			children = (
				C69CA6C6289443C40036F67E /* Crypto Tracker.app */,
			);
			name = Products;
			sourceTree = "<group>";
		};
		C69CA6C8289443C40036F67E /* SwiftUiCrypto */ = {
			isa = PBXGroup;
			children = (
				C69CA6C9289443C40036F67E /* SwiftUiCryptoApp.swift */,
				C69DE97C28BB6A5C00A22EC1 /* Utilities */,
				C69CA6D92894462A0036F67E /* Extensions */,
			);
			path = SwiftUiCrypto;
			sourceTree = "<group>";
		};
		C69CA6D92894462A0036F67E /* Extensions */ = {
			isa = PBXGroup;
			children = (
				C69CA6DB289446850036F67E /* Color.swift */,
				C61EF2BD289E5F740039FFC3 /* PreviewProvider.swift */,
				C61EF2BF289E6E400039FFC3 /* Double.swift */,
				C67A794628BCDC8A00697CC0 /* UIApplication.swift */,
				C6E2CA1328D740B400BCFBED /* String.swift */,
				C6E2CA1728D7416F00BCFBED /* Date.swift */,
			);
			path = Extensions;
			sourceTree = "<group>";
		};
		C69DE97C28BB6A5C00A22EC1 /* Utilities */ = {
			isa = PBXGroup;
			children = (
				C69DE97D28BB6AB900A22EC1 /* NetworkingManager.swift */,
				C67A794228BCA5FA00697CC0 /* LocalFileManager.swift */,
				C6E2CA0628D72BCB00BCFBED /* HapticManager.swift */,
			);
			path = Utilities;
			sourceTree = "<group>";
		};
		C6C9FFAB2897FCDA00F41F6B /* Models */ = {
			isa = PBXGroup;
			children = (
				C6C9FFAC2897FCEC00F41F6B /* CoinModel.swift */,
				C6F1473A28C873BB002F262A /* StatisticModel.swift */,
				C6CC054728C8838700E2CA0B /* MarketDataModel.swift */,
				C6E2CA1128D73CD800BCFBED /* CoinDetailModel.swift */,
				C6E2CA0128D63D9900BCFBED /* PortfolioContainer.xcdatamodeld */,
			);
			path = Models;
			sourceTree = "<group>";
		};
		C6E2CA0828D739F000BCFBED /* Detail */ = {
			isa = PBXGroup;
			children = (
				C6E2CA0A28D73A0500BCFBED /* ViewModels */,
				C6E2CA0928D739FC00BCFBED /* Views */,
			);
			path = Detail;
			sourceTree = "<group>";
		};
		C6E2CA0928D739FC00BCFBED /* Views */ = {
			isa = PBXGroup;
			children = (
				C6E2CA0B28D73A6700BCFBED /* DetailView.swift */,
				C6E2CA1528D7410500BCFBED /* ChartView.swift */,
			);
			path = Views;
			sourceTree = "<group>";
		};
		C6E2CA0A28D73A0500BCFBED /* ViewModels */ = {
			isa = PBXGroup;
			children = (
				C6E2CA0D28D73ABA00BCFBED /* DetailViewModel.swift */,
			);
			path = ViewModels;
			sourceTree = "<group>";
		};
/* End PBXGroup section */

/* Begin PBXNativeTarget section */
		C69CA6C5289443C40036F67E /* SwiftUiCrypto */ = {
			isa = PBXNativeTarget;
			buildConfigurationList = C69CA6D4289443C60036F67E /* Build configuration list for PBXNativeTarget "SwiftUiCrypto" */;
			buildPhases = (
				C69CA6C2289443C40036F67E /* Sources */,
				C69CA6C3289443C40036F67E /* Frameworks */,
				C69CA6C4289443C40036F67E /* Resources */,
			);
			buildRules = (
			);
			dependencies = (
			);
			name = SwiftUiCrypto;
			productName = SwiftUiCrypto;
			productReference = C69CA6C6289443C40036F67E /* Crypto Tracker.app */;
			productType = "com.apple.product-type.application";
		};
/* End PBXNativeTarget section */

/* Begin PBXProject section */
		C69CA6BE289443C40036F67E /* Project object */ = {
			isa = PBXProject;
			attributes = {
				BuildIndependentTargetsInParallel = 1;
				LastSwiftUpdateCheck = 1340;
				LastUpgradeCheck = 1340;
				TargetAttributes = {
					C69CA6C5289443C40036F67E = {
						CreatedOnToolsVersion = 13.4.1;
					};
				};
			};
			buildConfigurationList = C69CA6C1289443C40036F67E /* Build configuration list for PBXProject "SwiftUiCrypto" */;
			compatibilityVersion = "Xcode 13.0";
			developmentRegion = en;
			hasScannedForEncodings = 0;
			knownRegions = (
				en,
				Base,
			);
			mainGroup = C69CA6BD289443C40036F67E;
			productRefGroup = C69CA6C7289443C40036F67E /* Products */;
			projectDirPath = "";
			projectRoot = "";
			targets = (
				C69CA6C5289443C40036F67E /* SwiftUiCrypto */,
			);
		};
/* End PBXProject section */

/* Begin PBXResourcesBuildPhase section */
		C69CA6C4289443C40036F67E /* Resources */ = {
			isa = PBXResourcesBuildPhase;
			buildActionMask = 2147483647;
			files = (
				C68F9EE428F02B24006153C6 /* Launch Screen.storyboard in Resources */,
				C66869F8289570F500277F97 /* Assets.xcassets in Resources */,
			);
			runOnlyForDeploymentPostprocessing = 0;
		};
/* End PBXResourcesBuildPhase section */

/* Begin PBXSourcesBuildPhase section */
		C69CA6C2289443C40036F67E /* Sources */ = {
			isa = PBXSourcesBuildPhase;
			buildActionMask = 2147483647;
			files = (
				C6F1473B28C873BB002F262A /* StatisticModel.swift in Sources */,
				C67418D828BB987F00C6CC23 /* CoinImageViewModel.swift in Sources */,
				C61EF2C5289EADD10039FFC3 /* CoinDataService.swift in Sources */,
				C6A94B4528CB276900B38F37 /* XMarkButton.swift in Sources */,
				C69CA6CC289443C40036F67E /* ContentView.swift in Sources */,
				C61EF2C2289EA0120039FFC3 /* HomeViewModel.swift in Sources */,
				C67A794328BCA5FA00697CC0 /* LocalFileManager.swift in Sources */,
				C6CC054828C8838700E2CA0B /* MarketDataModel.swift in Sources */,
				C66869FE2895724700277F97 /* HomeView.swift in Sources */,
				C6F1473D28C873D4002F262A /* StatisticView.swift in Sources */,
				C61EF2BC289E5D1B0039FFC3 /* CoinRowView.swift in Sources */,
				C69CA6CA289443C40036F67E /* SwiftUiCryptoApp.swift in Sources */,
				C67A794728BCDC8A00697CC0 /* UIApplication.swift in Sources */,
				C6686A02289574A500277F97 /* CircleButtonView.swift in Sources */,
				C69CA6DC289446850036F67E /* Color.swift in Sources */,
				C6E2CA0E28D73ABA00BCFBED /* DetailViewModel.swift in Sources */,
				C68F9EE628F02B88006153C6 /* LaunchView.swift in Sources */,
				C67A794528BCCC8700697CC0 /* SearchBarView.swift in Sources */,
				C6E2CA0C28D73A6700BCFBED /* DetailView.swift in Sources */,
				C6E2CA0728D72BCB00BCFBED /* HapticManager.swift in Sources */,
				C6E2CA1228D73CD800BCFBED /* CoinDetailModel.swift in Sources */,
				C69DE97E28BB6AB900A22EC1 /* NetworkingManager.swift in Sources */,
				C6A94B4728CB2FAC00B38F37 /* CoinLogoView.swift in Sources */,
				C6CC054628C87C3A00E2CA0B /* HomeStatsView.swift in Sources */,
				C6E2CA1628D7410500BCFBED /* ChartView.swift in Sources */,
				C6CC054A28C8C59B00E2CA0B /* MarketDataService.swift in Sources */,
				C6686A0428957AA400277F97 /* CircleButtonAnimationView.swift in Sources */,
				C61EF2BE289E5F740039FFC3 /* PreviewProvider.swift in Sources */,
				C6E2CA0528D63E2D00BCFBED /* PortfolioContainer.xcdatamodeld in Sources */,
				C67418D628BB968900C6CC23 /* CoinImageView.swift in Sources */,
				C68F9EE028EEDDCA006153C6 /* SettingsView.swift in Sources */,
				C690AAB828C9CB79000F3EF3 /* PortfolioView.swift in Sources */,
				C61EF2C0289E6E400039FFC3 /* Double.swift in Sources */,
				C6E2CA1828D7416F00BCFBED /* Date.swift in Sources */,
				C6E2CA1028D73B0900BCFBED /* CoinDetailDataService.swift in Sources */,
				C67418DA28BB98D300C6CC23 /* CoinImageService.swift in Sources */,
				C6E2CA1428D740B400BCFBED /* String.swift in Sources */,
				C6C9FFAD2897FCEC00F41F6B /* CoinModel.swift in Sources */,
				C6E2CA0028D62B9B00BCFBED /* PortfolioDataService.swift in Sources */,
			);
			runOnlyForDeploymentPostprocessing = 0;
		};
/* End PBXSourcesBuildPhase section */

/* Begin XCBuildConfiguration section */
		C69CA6D2289443C60036F67E /* Debug */ = {
			isa = XCBuildConfiguration;
			buildSettings = {
				ALWAYS_SEARCH_USER_PATHS = NO;
				CLANG_ANALYZER_NONNULL = YES;
				CLANG_ANALYZER_NUMBER_OBJECT_CONVERSION = YES_AGGRESSIVE;
				CLANG_CXX_LANGUAGE_STANDARD = "gnu++17";
				CLANG_ENABLE_MODULES = YES;
				CLANG_ENABLE_OBJC_ARC = YES;
				CLANG_ENABLE_OBJC_WEAK = YES;
				CLANG_WARN_BLOCK_CAPTURE_AUTORELEASING = YES;
				CLANG_WARN_BOOL_CONVERSION = YES;
				CLANG_WARN_COMMA = YES;
				CLANG_WARN_CONSTANT_CONVERSION = YES;
				CLANG_WARN_DEPRECATED_OBJC_IMPLEMENTATIONS = YES;
				CLANG_WARN_DIRECT_OBJC_ISA_USAGE = YES_ERROR;
				CLANG_WARN_DOCUMENTATION_COMMENTS = YES;
				CLANG_WARN_EMPTY_BODY = YES;
				CLANG_WARN_ENUM_CONVERSION = YES;
				CLANG_WARN_INFINITE_RECURSION = YES;
				CLANG_WARN_INT_CONVERSION = YES;
				CLANG_WARN_NON_LITERAL_NULL_CONVERSION = YES;
				CLANG_WARN_OBJC_IMPLICIT_RETAIN_SELF = YES;
				CLANG_WARN_OBJC_LITERAL_CONVERSION = YES;
				CLANG_WARN_OBJC_ROOT_CLASS = YES_ERROR;
				CLANG_WARN_QUOTED_INCLUDE_IN_FRAMEWORK_HEADER = YES;
				CLANG_WARN_RANGE_LOOP_ANALYSIS = YES;
				CLANG_WARN_STRICT_PROTOTYPES = YES;
				CLANG_WARN_SUSPICIOUS_MOVE = YES;
				CLANG_WARN_UNGUARDED_AVAILABILITY = YES_AGGRESSIVE;
				CLANG_WARN_UNREACHABLE_CODE = YES;
				CLANG_WARN__DUPLICATE_METHOD_MATCH = YES;
				COPY_PHASE_STRIP = NO;
				DEBUG_INFORMATION_FORMAT = dwarf;
				ENABLE_STRICT_OBJC_MSGSEND = YES;
				ENABLE_TESTABILITY = YES;
				GCC_C_LANGUAGE_STANDARD = gnu11;
				GCC_DYNAMIC_NO_PIC = NO;
				GCC_NO_COMMON_BLOCKS = YES;
				GCC_OPTIMIZATION_LEVEL = 0;
				GCC_PREPROCESSOR_DEFINITIONS = (
					"DEBUG=1",
					"$(inherited)",
				);
				GCC_WARN_64_TO_32_BIT_CONVERSION = YES;
				GCC_WARN_ABOUT_RETURN_TYPE = YES_ERROR;
				GCC_WARN_UNDECLARED_SELECTOR = YES;
				GCC_WARN_UNINITIALIZED_AUTOS = YES_AGGRESSIVE;
				GCC_WARN_UNUSED_FUNCTION = YES;
				GCC_WARN_UNUSED_VARIABLE = YES;
				IPHONEOS_DEPLOYMENT_TARGET = 14.0;
				MTL_ENABLE_DEBUG_INFO = INCLUDE_SOURCE;
				MTL_FAST_MATH = YES;
				ONLY_ACTIVE_ARCH = YES;
				SDKROOT = iphoneos;
				SWIFT_ACTIVE_COMPILATION_CONDITIONS = DEBUG;
				SWIFT_OPTIMIZATION_LEVEL = "-Onone";
			};
			name = Debug;
		};
		C69CA6D3289443C60036F67E /* Release */ = {
			isa = XCBuildConfiguration;
			buildSettings = {
				ALWAYS_SEARCH_USER_PATHS = NO;
				CLANG_ANALYZER_NONNULL = YES;
				CLANG_ANALYZER_NUMBER_OBJECT_CONVERSION = YES_AGGRESSIVE;
				CLANG_CXX_LANGUAGE_STANDARD = "gnu++17";
				CLANG_ENABLE_MODULES = YES;
				CLANG_ENABLE_OBJC_ARC = YES;
				CLANG_ENABLE_OBJC_WEAK = YES;
				CLANG_WARN_BLOCK_CAPTURE_AUTORELEASING = YES;
				CLANG_WARN_BOOL_CONVERSION = YES;
				CLANG_WARN_COMMA = YES;
				CLANG_WARN_CONSTANT_CONVERSION = YES;
				CLANG_WARN_DEPRECATED_OBJC_IMPLEMENTATIONS = YES;
				CLANG_WARN_DIRECT_OBJC_ISA_USAGE = YES_ERROR;
				CLANG_WARN_DOCUMENTATION_COMMENTS = YES;
				CLANG_WARN_EMPTY_BODY = YES;
				CLANG_WARN_ENUM_CONVERSION = YES;
				CLANG_WARN_INFINITE_RECURSION = YES;
				CLANG_WARN_INT_CONVERSION = YES;
				CLANG_WARN_NON_LITERAL_NULL_CONVERSION = YES;
				CLANG_WARN_OBJC_IMPLICIT_RETAIN_SELF = YES;
				CLANG_WARN_OBJC_LITERAL_CONVERSION = YES;
				CLANG_WARN_OBJC_ROOT_CLASS = YES_ERROR;
				CLANG_WARN_QUOTED_INCLUDE_IN_FRAMEWORK_HEADER = YES;
				CLANG_WARN_RANGE_LOOP_ANALYSIS = YES;
				CLANG_WARN_STRICT_PROTOTYPES = YES;
				CLANG_WARN_SUSPICIOUS_MOVE = YES;
				CLANG_WARN_UNGUARDED_AVAILABILITY = YES_AGGRESSIVE;
				CLANG_WARN_UNREACHABLE_CODE = YES;
				CLANG_WARN__DUPLICATE_METHOD_MATCH = YES;
				COPY_PHASE_STRIP = NO;
				DEBUG_INFORMATION_FORMAT = "dwarf-with-dsym";
				ENABLE_NS_ASSERTIONS = NO;
				ENABLE_STRICT_OBJC_MSGSEND = YES;
				GCC_C_LANGUAGE_STANDARD = gnu11;
				GCC_NO_COMMON_BLOCKS = YES;
				GCC_WARN_64_TO_32_BIT_CONVERSION = YES;
				GCC_WARN_ABOUT_RETURN_TYPE = YES_ERROR;
				GCC_WARN_UNDECLARED_SELECTOR = YES;
				GCC_WARN_UNINITIALIZED_AUTOS = YES_AGGRESSIVE;
				GCC_WARN_UNUSED_FUNCTION = YES;
				GCC_WARN_UNUSED_VARIABLE = YES;
				IPHONEOS_DEPLOYMENT_TARGET = 14.0;
				MTL_ENABLE_DEBUG_INFO = NO;
				MTL_FAST_MATH = YES;
				SDKROOT = iphoneos;
				SWIFT_COMPILATION_MODE = wholemodule;
				SWIFT_OPTIMIZATION_LEVEL = "-O";
				VALIDATE_PRODUCT = YES;
			};
			name = Release;
		};
		C69CA6D5289443C60036F67E /* Debug */ = {
			isa = XCBuildConfiguration;
			buildSettings = {
				ASSETCATALOG_COMPILER_APPICON_NAME = AppIcon;
				ASSETCATALOG_COMPILER_GLOBAL_ACCENT_COLOR_NAME = AccentColor;
				CODE_SIGN_STYLE = Automatic;
				CURRENT_PROJECT_VERSION = 1;
				DEVELOPMENT_ASSET_PATHS = "\"SwiftUiCrypto/Preview Content\"";
				DEVELOPMENT_TEAM = QLP9PS6P2W;
				ENABLE_PREVIEWS = YES;
				GENERATE_INFOPLIST_FILE = YES;
				INFOPLIST_KEY_UIApplicationSceneManifest_Generation = YES;
				INFOPLIST_KEY_UIApplicationSupportsIndirectInputEvents = YES;
				INFOPLIST_KEY_UILaunchStoryboardName = "Launch Screen.storyboard";
				INFOPLIST_KEY_UISupportedInterfaceOrientations = "UIInterfaceOrientationLandscapeLeft UIInterfaceOrientationLandscapeRight UIInterfaceOrientationPortrait";
				IPHONEOS_DEPLOYMENT_TARGET = 16.0;
				LD_RUNPATH_SEARCH_PATHS = (
					"$(inherited)",
					"@executable_path/Frameworks",
				);
				MARKETING_VERSION = 1.0;
				PRODUCT_BUNDLE_IDENTIFIER = com.NikitaYashchenko.SwiftUiCrypto;
				PRODUCT_NAME = "Crypto Tracker";
				SWIFT_EMIT_LOC_STRINGS = YES;
				SWIFT_VERSION = 5.0;
				TARGETED_DEVICE_FAMILY = "1,2";
			};
			name = Debug;
		};
		C69CA6D6289443C60036F67E /* Release */ = {
			isa = XCBuildConfiguration;
			buildSettings = {
				ASSETCATALOG_COMPILER_APPICON_NAME = AppIcon;
				ASSETCATALOG_COMPILER_GLOBAL_ACCENT_COLOR_NAME = AccentColor;
				CODE_SIGN_STYLE = Automatic;
				CURRENT_PROJECT_VERSION = 1;
				DEVELOPMENT_ASSET_PATHS = "\"SwiftUiCrypto/Preview Content\"";
				DEVELOPMENT_TEAM = QLP9PS6P2W;
				ENABLE_PREVIEWS = YES;
				GENERATE_INFOPLIST_FILE = YES;
				INFOPLIST_KEY_UIApplicationSceneManifest_Generation = YES;
				INFOPLIST_KEY_UIApplicationSupportsIndirectInputEvents = YES;
				INFOPLIST_KEY_UILaunchStoryboardName = "Launch Screen.storyboard";
				INFOPLIST_KEY_UISupportedInterfaceOrientations = "UIInterfaceOrientationLandscapeLeft UIInterfaceOrientationLandscapeRight UIInterfaceOrientationPortrait";
				IPHONEOS_DEPLOYMENT_TARGET = 16.0;
				LD_RUNPATH_SEARCH_PATHS = (
					"$(inherited)",
					"@executable_path/Frameworks",
				);
				MARKETING_VERSION = 1.0;
				PRODUCT_BUNDLE_IDENTIFIER = com.NikitaYashchenko.SwiftUiCrypto;
				PRODUCT_NAME = "Crypto Tracker";
				SWIFT_EMIT_LOC_STRINGS = YES;
				SWIFT_VERSION = 5.0;
				TARGETED_DEVICE_FAMILY = "1,2";
			};
			name = Release;
		};
/* End XCBuildConfiguration section */

/* Begin XCConfigurationList section */
		C69CA6C1289443C40036F67E /* Build configuration list for PBXProject "SwiftUiCrypto" */ = {
			isa = XCConfigurationList;
			buildConfigurations = (
				C69CA6D2289443C60036F67E /* Debug */,
				C69CA6D3289443C60036F67E /* Release */,
			);
			defaultConfigurationIsVisible = 0;
			defaultConfigurationName = Release;
		};
		C69CA6D4289443C60036F67E /* Build configuration list for PBXNativeTarget "SwiftUiCrypto" */ = {
			isa = XCConfigurationList;
			buildConfigurations = (
				C69CA6D5289443C60036F67E /* Debug */,
				C69CA6D6289443C60036F67E /* Release */,
			);
			defaultConfigurationIsVisible = 0;
			defaultConfigurationName = Release;
		};
/* End XCConfigurationList section */

/* Begin XCVersionGroup section */
		C6E2CA0128D63D9900BCFBED /* PortfolioContainer.xcdatamodeld */ = {
			isa = XCVersionGroup;
			children = (
				C6E2CA0228D63D9900BCFBED /* PortfolioContainer.xcdatamodel */,
			);
			currentVersion = C6E2CA0228D63D9900BCFBED /* PortfolioContainer.xcdatamodel */;
			path = PortfolioContainer.xcdatamodeld;
			sourceTree = "<group>";
			versionGroupType = wrapper.xcdatamodel;
		};
/* End XCVersionGroup section */
	};
	rootObject = C69CA6BE289443C40036F67E /* Project object */;
}
